
Microsoft Visual Studio Solution File, Format Version 12.00
# Visual Studio Version 16
VisualStudioVersion = 16.0.30320.27
MinimumVisualStudioVersion = 10.0.40219.1
Project("{FAE04EC0-301F-11D3-BF4B-00C04F79EFBC}") = "CSharpTest", "CSharpTest\CSharpTest.csproj", "{8BD6B370-0671-4085-A055-7CFAE54D2466}"
EndProject
Project("{FAE04EC0-301F-11D3-BF4B-00C04F79EFBC}") = "CSharpTest.Tests", "CSharpTest.Tests\CSharpTest.Tests.csproj", "{0F5C8EDD-0CED-4326-9A90-798340F1291A}"
EndProject
Global
	GlobalSection(SolutionConfigurationPlatforms) = preSolution
		Debug|Any CPU = Debug|Any CPU
		Release|Any CPU = Release|Any CPU
	EndGlobalSection
	GlobalSection(ProjectConfigurationPlatforms) = postSolution
		{8BD6B370-0671-4085-A055-7CFAE54D2466}.Debug|Any CPU.ActiveCfg = Debug|Any CPU
		{8BD6B370-0671-4085-A055-7CFAE54D2466}.Debug|Any CPU.Build.0 = Debug|Any CPU
		{8BD6B370-0671-4085-A055-7CFAE54D2466}.Release|Any CPU.ActiveCfg = Release|Any CPU
		{8BD6B370-0671-4085-A055-7CFAE54D2466}.Release|Any CPU.Build.0 = Release|Any CPU
		{0F5C8EDD-0CED-4326-9A90-798340F1291A}.Debug|Any CPU.ActiveCfg = Debug|Any CPU
		{0F5C8EDD-0CED-4326-9A90-798340F1291A}.Debug|Any CPU.Build.0 = Debug|Any CPU
		{0F5C8EDD-0CED-4326-9A90-798340F1291A}.Release|Any CPU.ActiveCfg = Release|Any CPU
		{0F5C8EDD-0CED-4326-9A90-798340F1291A}.Release|Any CPU.Build.0 = Release|Any CPU
	EndGlobalSection
	GlobalSection(SolutionProperties) = preSolution
		HideSolutionNode = FALSE
	EndGlobalSection
	GlobalSection(ExtensibilityGlobals) = postSolution
		SolutionGuid = {0BB74F2A-3CFC-4E65-8300-1D2BB19C458B}
	EndGlobalSection
EndGlobal
